
Microsoft Visual Studio Solution File, Format Version 12.00
# Visual Studio Version 16
VisualStudioVersion = 16.0.29418.71
MinimumVisualStudioVersion = 10.0.40219.1
Project("{FAE04EC0-301F-11D3-BF4B-00C04F79EFBC}") = "Docker.API.Request", "Docker.API.Request\Docker.API.Request.csproj", "{BC58B387-9532-4F82-91F4-12F2A6B308E5}"
EndProject
Project("{FAE04EC0-301F-11D3-BF4B-00C04F79EFBC}") = "Docker.API.Listener", "Docker.API.Listener\Docker.API.Listener.csproj", "{A12B836D-83C5-4851-99D3-FB2E60E537D5}"
EndProject
Global
	GlobalSection(SolutionConfigurationPlatforms) = preSolution
		Debug|Any CPU = Debug|Any CPU
		Release|Any CPU = Release|Any CPU
	EndGlobalSection
	GlobalSection(ProjectConfigurationPlatforms) = postSolution
		{BC58B387-9532-4F82-91F4-12F2A6B308E5}.Debug|Any CPU.ActiveCfg = Debug|Any CPU
		{BC58B387-9532-4F82-91F4-12F2A6B308E5}.Debug|Any CPU.Build.0 = Debug|Any CPU
		{BC58B387-9532-4F82-91F4-12F2A6B308E5}.Release|Any CPU.ActiveCfg = Release|Any CPU
		{BC58B387-9532-4F82-91F4-12F2A6B308E5}.Release|Any CPU.Build.0 = Release|Any CPU
		{A12B836D-83C5-4851-99D3-FB2E60E537D5}.Debug|Any CPU.ActiveCfg = Debug|Any CPU
		{A12B836D-83C5-4851-99D3-FB2E60E537D5}.Debug|Any CPU.Build.0 = Debug|Any CPU
		{A12B836D-83C5-4851-99D3-FB2E60E537D5}.Release|Any CPU.ActiveCfg = Release|Any CPU
		{A12B836D-83C5-4851-99D3-FB2E60E537D5}.Release|Any CPU.Build.0 = Release|Any CPU
	EndGlobalSection
	GlobalSection(SolutionProperties) = preSolution
		HideSolutionNode = FALSE
	EndGlobalSection
	GlobalSection(ExtensibilityGlobals) = postSolution
		SolutionGuid = {FBB3F3F0-BB67-4B5E-AA8E-299EE550930F}
	EndGlobalSection
EndGlobal
